
Microsoft Visual Studio Solution File, Format Version 12.00
# Visual Studio Version 17
VisualStudioVersion = 17.2.32505.173
MinimumVisualStudioVersion = 10.0.40219.1
Project("{E24C65DC-7377-472B-9ABA-BC803B73C61A}") = "SOAP Service", "SOAP Service\", "{86B7FA9F-3074-4FA2-B20B-93D3999E96C5}"
	ProjectSection(WebsiteProperties) = preProject
		TargetFrameworkMoniker = ".NETFramework,Version%3Dv4.7.2"
		Debug.AspNetCompiler.VirtualPath = "/localhost_52173"
		Debug.AspNetCompiler.PhysicalPath = "SOAP Service\"
		Debug.AspNetCompiler.TargetPath = "PrecompiledWeb\localhost_52173\"
		Debug.AspNetCompiler.Updateable = "true"
		Debug.AspNetCompiler.ForceOverwrite = "true"
		Debug.AspNetCompiler.FixedNames = "false"
		Debug.AspNetCompiler.Debug = "True"
		Release.AspNetCompiler.VirtualPath = "/localhost_52173"
		Release.AspNetCompiler.PhysicalPath = "SOAP Service\"
		Release.AspNetCompiler.TargetPath = "PrecompiledWeb\localhost_52173\"
		Release.AspNetCompiler.Updateable = "true"
		Release.AspNetCompiler.ForceOverwrite = "true"
		Release.AspNetCompiler.FixedNames = "false"
		Release.AspNetCompiler.Debug = "False"
		VWDPort = "52173"
		SlnRelativePath = "SOAP Service\"
		DefaultWebSiteLanguage = "Visual C#"
	EndProjectSection
EndProject
Project("{FAE04EC0-301F-11D3-BF4B-00C04F79EFBC}") = "WPF App", "WPF App\WPF App.csproj", "{CF77103E-C861-454A-A0EF-2EC3254DB4AF}"
	ProjectSection(ProjectDependencies) = postProject
		{86B7FA9F-3074-4FA2-B20B-93D3999E96C5} = {86B7FA9F-3074-4FA2-B20B-93D3999E96C5}
	EndProjectSection
EndProject
Global
	GlobalSection(SolutionConfigurationPlatforms) = preSolution
		Debug|Any CPU = Debug|Any CPU
		Release|Any CPU = Release|Any CPU
	EndGlobalSection
	GlobalSection(ProjectConfigurationPlatforms) = postSolution
		{86B7FA9F-3074-4FA2-B20B-93D3999E96C5}.Debug|Any CPU.ActiveCfg = Debug|Any CPU
		{86B7FA9F-3074-4FA2-B20B-93D3999E96C5}.Debug|Any CPU.Build.0 = Debug|Any CPU
		{86B7FA9F-3074-4FA2-B20B-93D3999E96C5}.Release|Any CPU.ActiveCfg = Debug|Any CPU
		{86B7FA9F-3074-4FA2-B20B-93D3999E96C5}.Release|Any CPU.Build.0 = Debug|Any CPU
		{CF77103E-C861-454A-A0EF-2EC3254DB4AF}.Debug|Any CPU.ActiveCfg = Debug|Any CPU
		{CF77103E-C861-454A-A0EF-2EC3254DB4AF}.Debug|Any CPU.Build.0 = Debug|Any CPU
		{CF77103E-C861-454A-A0EF-2EC3254DB4AF}.Release|Any CPU.ActiveCfg = Release|Any CPU
		{CF77103E-C861-454A-A0EF-2EC3254DB4AF}.Release|Any CPU.Build.0 = Release|Any CPU
	EndGlobalSection
	GlobalSection(SolutionProperties) = preSolution
		HideSolutionNode = FALSE
	EndGlobalSection
	GlobalSection(ExtensibilityGlobals) = postSolution
		SolutionGuid = {5764E85F-1AC5-4F75-9EFF-CBB181630A77}
	EndGlobalSection
EndGlobal
